
Microsoft Visual Studio Solution File, Format Version 12.00
# Visual Studio 15
VisualStudioVersion = 15.0.25807.0
MinimumVisualStudioVersion = 10.0.40219.1
Project("{2150E333-8FDC-42A3-9474-1A3956D46DE8}") = "Engine", "Engine", "{E7FEA56E-600C-46D5-8E38-7D3B93E43438}"
EndProject
Project("{2150E333-8FDC-42A3-9474-1A3956D46DE8}") = "Games", "Games", "{26466367-612E-457A-8553-72815055EB38}"
EndProject
Project("{8BC9CEB8-8B4A-11D0-8D11-00A0C91BC942}") = "UE4", "Intermediate\ProjectFiles\UE4.vcxproj", "{C4EF65DB-6C10-4073-9425-2B60329F73AF}"
EndProject
Project("{8BC9CEB8-8B4A-11D0-8D11-00A0C91BC942}") = "EscapeGame", "Intermediate\ProjectFiles\EscapeGame.vcxproj", "{577F3BD2-750A-415C-9583-0E86390754DD}"
EndProject
Global
	GlobalSection(SolutionConfigurationPlatforms) = preSolution
		DebugGame Editor|HTML5 = DebugGame Editor|HTML5
		DebugGame Editor|Win32 = DebugGame Editor|Win32
		DebugGame Editor|Win64 = DebugGame Editor|Win64
		DebugGame|HTML5 = DebugGame|HTML5
		DebugGame|Win32 = DebugGame|Win32
		DebugGame|Win64 = DebugGame|Win64
		Development Editor|HTML5 = Development Editor|HTML5
		Development Editor|Win32 = Development Editor|Win32
		Development Editor|Win64 = Development Editor|Win64
		Development|HTML5 = Development|HTML5
		Development|Win32 = Development|Win32
		Development|Win64 = Development|Win64
		Shipping|HTML5 = Shipping|HTML5
		Shipping|Win32 = Shipping|Win32
		Shipping|Win64 = Shipping|Win64
	EndGlobalSection
	GlobalSection(ProjectConfigurationPlatforms) = postSolution
		{C4EF65DB-6C10-4073-9425-2B60329F73AF}.DebugGame Editor|HTML5.ActiveCfg = BuiltWithUnrealBuildTool|Win32
		{C4EF65DB-6C10-4073-9425-2B60329F73AF}.DebugGame Editor|HTML5.Build.0 = BuiltWithUnrealBuildTool|Win32
		{C4EF65DB-6C10-4073-9425-2B60329F73AF}.DebugGame Editor|Win32.ActiveCfg = BuiltWithUnrealBuildTool|Win32
		{C4EF65DB-6C10-4073-9425-2B60329F73AF}.DebugGame Editor|Win32.Build.0 = BuiltWithUnrealBuildTool|Win32
		{C4EF65DB-6C10-4073-9425-2B60329F73AF}.DebugGame Editor|Win64.ActiveCfg = BuiltWithUnrealBuildTool|Win32
		{C4EF65DB-6C10-4073-9425-2B60329F73AF}.DebugGame Editor|Win64.Build.0 = BuiltWithUnrealBuildTool|Win32
		{C4EF65DB-6C10-4073-9425-2B60329F73AF}.DebugGame|HTML5.ActiveCfg = BuiltWithUnrealBuildTool|Win32
		{C4EF65DB-6C10-4073-9425-2B60329F73AF}.DebugGame|HTML5.Build.0 = BuiltWithUnrealBuildTool|Win32
		{C4EF65DB-6C10-4073-9425-2B60329F73AF}.DebugGame|Win32.ActiveCfg = BuiltWithUnrealBuildTool|Win32
		{C4EF65DB-6C10-4073-9425-2B60329F73AF}.DebugGame|Win32.Build.0 = BuiltWithUnrealBuildTool|Win32
		{C4EF65DB-6C10-4073-9425-2B60329F73AF}.DebugGame|Win64.ActiveCfg = BuiltWithUnrealBuildTool|Win32
		{C4EF65DB-6C10-4073-9425-2B60329F73AF}.DebugGame|Win64.Build.0 = BuiltWithUnrealBuildTool|Win32
		{C4EF65DB-6C10-4073-9425-2B60329F73AF}.Development Editor|HTML5.ActiveCfg = BuiltWithUnrealBuildTool|Win32
		{C4EF65DB-6C10-4073-9425-2B60329F73AF}.Development Editor|HTML5.Build.0 = BuiltWithUnrealBuildTool|Win32
		{C4EF65DB-6C10-4073-9425-2B60329F73AF}.Development Editor|Win32.ActiveCfg = BuiltWithUnrealBuildTool|Win32
		{C4EF65DB-6C10-4073-9425-2B60329F73AF}.Development Editor|Win32.Build.0 = BuiltWithUnrealBuildTool|Win32
		{C4EF65DB-6C10-4073-9425-2B60329F73AF}.Development Editor|Win64.ActiveCfg = BuiltWithUnrealBuildTool|Win32
		{C4EF65DB-6C10-4073-9425-2B60329F73AF}.Development Editor|Win64.Build.0 = BuiltWithUnrealBuildTool|Win32
		{C4EF65DB-6C10-4073-9425-2B60329F73AF}.Development|HTML5.ActiveCfg = BuiltWithUnrealBuildTool|Win32
		{C4EF65DB-6C10-4073-9425-2B60329F73AF}.Development|HTML5.Build.0 = BuiltWithUnrealBuildTool|Win32
		{C4EF65DB-6C10-4073-9425-2B60329F73AF}.Development|Win32.ActiveCfg = BuiltWithUnrealBuildTool|Win32
		{C4EF65DB-6C10-4073-9425-2B60329F73AF}.Development|Win32.Build.0 = BuiltWithUnrealBuildTool|Win32
		{C4EF65DB-6C10-4073-9425-2B60329F73AF}.Development|Win64.ActiveCfg = BuiltWithUnrealBuildTool|Win32
		{C4EF65DB-6C10-4073-9425-2B60329F73AF}.Development|Win64.Build.0 = BuiltWithUnrealBuildTool|Win32
		{C4EF65DB-6C10-4073-9425-2B60329F73AF}.Shipping|HTML5.ActiveCfg = BuiltWithUnrealBuildTool|Win32
		{C4EF65DB-6C10-4073-9425-2B60329F73AF}.Shipping|HTML5.Build.0 = BuiltWithUnrealBuildTool|Win32
		{C4EF65DB-6C10-4073-9425-2B60329F73AF}.Shipping|Win32.ActiveCfg = BuiltWithUnrealBuildTool|Win32
		{C4EF65DB-6C10-4073-9425-2B60329F73AF}.Shipping|Win32.Build.0 = BuiltWithUnrealBuildTool|Win32
		{C4EF65DB-6C10-4073-9425-2B60329F73AF}.Shipping|Win64.ActiveCfg = BuiltWithUnrealBuildTool|Win32
		{C4EF65DB-6C10-4073-9425-2B60329F73AF}.Shipping|Win64.Build.0 = BuiltWithUnrealBuildTool|Win32
		{577F3BD2-750A-415C-9583-0E86390754DD}.DebugGame Editor|HTML5.ActiveCfg = HTML5_DebugGame_Editor|Win32
		{577F3BD2-750A-415C-9583-0E86390754DD}.DebugGame Editor|Win32.ActiveCfg = DebugGame_Editor|Win32
		{577F3BD2-750A-415C-9583-0E86390754DD}.DebugGame Editor|Win64.ActiveCfg = DebugGame_Editor|x64
		{577F3BD2-750A-415C-9583-0E86390754DD}.DebugGame Editor|Win64.Build.0 = DebugGame_Editor|x64
		{577F3BD2-750A-415C-9583-0E86390754DD}.DebugGame|HTML5.ActiveCfg = HTML5_DebugGame_Game|Win32
		{577F3BD2-750A-415C-9583-0E86390754DD}.DebugGame|HTML5.Build.0 = HTML5_DebugGame_Game|Win32
		{577F3BD2-750A-415C-9583-0E86390754DD}.DebugGame|Win32.ActiveCfg = DebugGame_Game|Win32
		{577F3BD2-750A-415C-9583-0E86390754DD}.DebugGame|Win32.Build.0 = DebugGame_Game|Win32
		{577F3BD2-750A-415C-9583-0E86390754DD}.DebugGame|Win64.ActiveCfg = DebugGame_Game|x64
		{577F3BD2-750A-415C-9583-0E86390754DD}.DebugGame|Win64.Build.0 = DebugGame_Game|x64
		{577F3BD2-750A-415C-9583-0E86390754DD}.Development Editor|HTML5.ActiveCfg = HTML5_Development_Editor|Win32
		{577F3BD2-750A-415C-9583-0E86390754DD}.Development Editor|Win32.ActiveCfg = Development_Editor|Win32
		{577F3BD2-750A-415C-9583-0E86390754DD}.Development Editor|Win64.ActiveCfg = Development_Editor|x64
		{577F3BD2-750A-415C-9583-0E86390754DD}.Development Editor|Win64.Build.0 = Development_Editor|x64
		{577F3BD2-750A-415C-9583-0E86390754DD}.Development|HTML5.ActiveCfg = HTML5_Development_Game|Win32
		{577F3BD2-750A-415C-9583-0E86390754DD}.Development|HTML5.Build.0 = HTML5_Development_Game|Win32
		{577F3BD2-750A-415C-9583-0E86390754DD}.Development|Win32.ActiveCfg = Development_Game|Win32
		{577F3BD2-750A-415C-9583-0E86390754DD}.Development|Win32.Build.0 = Development_Game|Win32
		{577F3BD2-750A-415C-9583-0E86390754DD}.Development|Win64.ActiveCfg = Development_Game|x64
		{577F3BD2-750A-415C-9583-0E86390754DD}.Development|Win64.Build.0 = Development_Game|x64
		{577F3BD2-750A-415C-9583-0E86390754DD}.Shipping|HTML5.ActiveCfg = HTML5_Shipping_Game|Win32
		{577F3BD2-750A-415C-9583-0E86390754DD}.Shipping|HTML5.Build.0 = HTML5_Shipping_Game|Win32
		{577F3BD2-750A-415C-9583-0E86390754DD}.Shipping|Win32.ActiveCfg = Shipping_Game|Win32
		{577F3BD2-750A-415C-9583-0E86390754DD}.Shipping|Win32.Build.0 = Shipping_Game|Win32
		{577F3BD2-750A-415C-9583-0E86390754DD}.Shipping|Win64.ActiveCfg = Shipping_Game|x64
		{577F3BD2-750A-415C-9583-0E86390754DD}.Shipping|Win64.Build.0 = Shipping_Game|x64
	EndGlobalSection
	GlobalSection(SolutionProperties) = preSolution
		HideSolutionNode = FALSE
	EndGlobalSection
	GlobalSection(NestedProjects) = preSolution
		{C4EF65DB-6C10-4073-9425-2B60329F73AF} = {E7FEA56E-600C-46D5-8E38-7D3B93E43438}
		{577F3BD2-750A-415C-9583-0E86390754DD} = {26466367-612E-457A-8553-72815055EB38}
	EndGlobalSection
	GlobalSection(ExtensibilityGlobals) = postSolution
		SolutionGuid = {C7266746-0C8A-460C-A123-5611C1C7EE88}
	EndGlobalSection
EndGlobal
